// !$*UTF8*$!
{
	archiveVersion = 1;
	classes = {
	};
	objectVersion = 50;
	objects = {

/* Begin PBXBuildFile section */
		E3291140252D8F5700B04B91 /* AppDelegate.swift in Sources */ = {isa = PBXBuildFile; fileRef = E329113F252D8F5700B04B91 /* AppDelegate.swift */; };
		E3291142252D8F5700B04B91 /* SceneDelegate.swift in Sources */ = {isa = PBXBuildFile; fileRef = E3291141252D8F5700B04B91 /* SceneDelegate.swift */; };
		E3291144252D8F5700B04B91 /* ViewController.swift in Sources */ = {isa = PBXBuildFile; fileRef = E3291143252D8F5700B04B91 /* ViewController.swift */; };
		E3291147252D8F5700B04B91 /* Main.storyboard in Resources */ = {isa = PBXBuildFile; fileRef = E3291145252D8F5700B04B91 /* Main.storyboard */; };
		E3291149252D8F5E00B04B91 /* Assets.xcassets in Resources */ = {isa = PBXBuildFile; fileRef = E3291148252D8F5E00B04B91 /* Assets.xcassets */; };
		E329114C252D8F5E00B04B91 /* LaunchScreen.storyboard in Resources */ = {isa = PBXBuildFile; fileRef = E329114A252D8F5E00B04B91 /* LaunchScreen.storyboard */; };
		E3291158252D971400B04B91 /* CarCollectionViewCell.swift in Sources */ = {isa = PBXBuildFile; fileRef = E3291157252D971400B04B91 /* CarCollectionViewCell.swift */; };
		E329115A252D980000B04B91 /* Car.swift in Sources */ = {isa = PBXBuildFile; fileRef = E3291159252D980000B04B91 /* Car.swift */; };
		E3CE9E5D252FD85000B4B3A4 /* PushedViewController.swift in Sources */ = {isa = PBXBuildFile; fileRef = E3CE9E5C252FD85000B4B3A4 /* PushedViewController.swift */; };
		E3CE9E5F252FD85D00B4B3A4 /* pushed.storyboard in Resources */ = {isa = PBXBuildFile; fileRef = E3CE9E5E252FD85D00B4B3A4 /* pushed.storyboard */; };
		E3CE9E65252FDCAA00B4B3A4 /* car.jpg in Resources */ = {isa = PBXBuildFile; fileRef = E3CE9E64252FDCAA00B4B3A4 /* car.jpg */; };
/* End PBXBuildFile section */

/* Begin PBXFileReference section */
		E329113C252D8F5700B04B91 /* Exercicio03.app */ = {isa = PBXFileReference; explicitFileType = wrapper.application; includeInIndex = 0; path = Exercicio03.app; sourceTree = BUILT_PRODUCTS_DIR; };
		E329113F252D8F5700B04B91 /* AppDelegate.swift */ = {isa = PBXFileReference; lastKnownFileType = sourcecode.swift; path = AppDelegate.swift; sourceTree = "<group>"; };
		E3291141252D8F5700B04B91 /* SceneDelegate.swift */ = {isa = PBXFileReference; lastKnownFileType = sourcecode.swift; path = SceneDelegate.swift; sourceTree = "<group>"; };
		E3291143252D8F5700B04B91 /* ViewController.swift */ = {isa = PBXFileReference; lastKnownFileType = sourcecode.swift; path = ViewController.swift; sourceTree = "<group>"; };
		E3291146252D8F5700B04B91 /* Base */ = {isa = PBXFileReference; lastKnownFileType = file.storyboard; name = Base; path = Base.lproj/Main.storyboard; sourceTree = "<group>"; };
		E3291148252D8F5E00B04B91 /* Assets.xcassets */ = {isa = PBXFileReference; lastKnownFileType = folder.assetcatalog; path = Assets.xcassets; sourceTree = "<group>"; };
		E329114B252D8F5E00B04B91 /* Base */ = {isa = PBXFileReference; lastKnownFileType = file.storyboard; name = Base; path = Base.lproj/LaunchScreen.storyboard; sourceTree = "<group>"; };
		E329114D252D8F5E00B04B91 /* Info.plist */ = {isa = PBXFileReference; lastKnownFileType = text.plist.xml; path = Info.plist; sourceTree = "<group>"; };
		E3291157252D971400B04B91 /* CarCollectionViewCell.swift */ = {isa = PBXFileReference; lastKnownFileType = sourcecode.swift; path = CarCollectionViewCell.swift; sourceTree = "<group>"; };
		E3291159252D980000B04B91 /* Car.swift */ = {isa = PBXFileReference; lastKnownFileType = sourcecode.swift; path = Car.swift; sourceTree = "<group>"; };
		E3CE9E5C252FD85000B4B3A4 /* PushedViewController.swift */ = {isa = PBXFileReference; lastKnownFileType = sourcecode.swift; path = PushedViewController.swift; sourceTree = "<group>"; };
		E3CE9E5E252FD85D00B4B3A4 /* pushed.storyboard */ = {isa = PBXFileReference; lastKnownFileType = file.storyboard; path = pushed.storyboard; sourceTree = "<group>"; };
		E3CE9E64252FDCAA00B4B3A4 /* car.jpg */ = {isa = PBXFileReference; lastKnownFileType = image.jpeg; path = car.jpg; sourceTree = "<group>"; };
/* End PBXFileReference section */

/* Begin PBXFrameworksBuildPhase section */
		E3291139252D8F5700B04B91 /* Frameworks */ = {
			isa = PBXFrameworksBuildPhase;
			buildActionMask = 2147483647;
			files = (
			);
			runOnlyForDeploymentPostprocessing = 0;
		};
/* End PBXFrameworksBuildPhase section */

/* Begin PBXGroup section */
		E3291133252D8F5700B04B91 = {
			isa = PBXGroup;
			children = (
				E329113E252D8F5700B04B91 /* Exercicio03 */,
				E329113D252D8F5700B04B91 /* Products */,
			);
			sourceTree = "<group>";
		};
		E329113D252D8F5700B04B91 /* Products */ = {
			isa = PBXGroup;
			children = (
				E329113C252D8F5700B04B91 /* Exercicio03.app */,
			);
			name = Products;
			sourceTree = "<group>";
		};
		E329113E252D8F5700B04B91 /* Exercicio03 */ = {
			isa = PBXGroup;
			children = (
				E3CE9E5B252FD82900B4B3A4 /* Pushed */,
				E329113F252D8F5700B04B91 /* AppDelegate.swift */,
				E3291141252D8F5700B04B91 /* SceneDelegate.swift */,
				E3291143252D8F5700B04B91 /* ViewController.swift */,
				E3291145252D8F5700B04B91 /* Main.storyboard */,
				E3291148252D8F5E00B04B91 /* Assets.xcassets */,
				E329114A252D8F5E00B04B91 /* LaunchScreen.storyboard */,
				E329114D252D8F5E00B04B91 /* Info.plist */,
				E3291157252D971400B04B91 /* CarCollectionViewCell.swift */,
				E3291159252D980000B04B91 /* Car.swift */,
				E3CE9E64252FDCAA00B4B3A4 /* car.jpg */,
			);
			path = Exercicio03;
			sourceTree = "<group>";
		};
		E3CE9E5B252FD82900B4B3A4 /* Pushed */ = {
			isa = PBXGroup;
			children = (
				E3CE9E5C252FD85000B4B3A4 /* PushedViewController.swift */,
				E3CE9E5E252FD85D00B4B3A4 /* pushed.storyboard */,
			);
			path = Pushed;
			sourceTree = "<group>";
		};
/* End PBXGroup section */

/* Begin PBXNativeTarget section */
		E329113B252D8F5700B04B91 /* Exercicio03 */ = {
			isa = PBXNativeTarget;
			buildConfigurationList = E3291150252D8F5E00B04B91 /* Build configuration list for PBXNativeTarget "Exercicio03" */;
			buildPhases = (
				E3291138252D8F5700B04B91 /* Sources */,
				E3291139252D8F5700B04B91 /* Frameworks */,
				E329113A252D8F5700B04B91 /* Resources */,
			);
			buildRules = (
			);
			dependencies = (
			);
			name = Exercicio03;
			productName = Exercicio03;
			productReference = E329113C252D8F5700B04B91 /* Exercicio03.app */;
			productType = "com.apple.product-type.application";
		};
/* End PBXNativeTarget section */

/* Begin PBXProject section */
		E3291134252D8F5700B04B91 /* Project object */ = {
			isa = PBXProject;
			attributes = {
				LastSwiftUpdateCheck = 1150;
				LastUpgradeCheck = 1150;
				ORGANIZATIONNAME = igorGavilon;
				TargetAttributes = {
					E329113B252D8F5700B04B91 = {
						CreatedOnToolsVersion = 11.5;
					};
				};
			};
			buildConfigurationList = E3291137252D8F5700B04B91 /* Build configuration list for PBXProject "Exercicio03" */;
			compatibilityVersion = "Xcode 9.3";
			developmentRegion = en;
			hasScannedForEncodings = 0;
			knownRegions = (
				en,
				Base,
			);
			mainGroup = E3291133252D8F5700B04B91;
			productRefGroup = E329113D252D8F5700B04B91 /* Products */;
			projectDirPath = "";
			projectRoot = "";
			targets = (
				E329113B252D8F5700B04B91 /* Exercicio03 */,
			);
		};
/* End PBXProject section */

/* Begin PBXResourcesBuildPhase section */
		E329113A252D8F5700B04B91 /* Resources */ = {
			isa = PBXResourcesBuildPhase;
			buildActionMask = 2147483647;
			files = (
				E329114C252D8F5E00B04B91 /* LaunchScreen.storyboard in Resources */,
				E3291149252D8F5E00B04B91 /* Assets.xcassets in Resources */,
				E3CE9E65252FDCAA00B4B3A4 /* car.jpg in Resources */,
				E3CE9E5F252FD85D00B4B3A4 /* pushed.storyboard in Resources */,
				E3291147252D8F5700B04B91 /* Main.storyboard in Resources */,
			);
			runOnlyForDeploymentPostprocessing = 0;
		};
/* End PBXResourcesBuildPhase section */

/* Begin PBXSourcesBuildPhase section */
		E3291138252D8F5700B04B91 /* Sources */ = {
			isa = PBXSourcesBuildPhase;
			buildActionMask = 2147483647;
			files = (
				E3291144252D8F5700B04B91 /* ViewController.swift in Sources */,
				E3291140252D8F5700B04B91 /* AppDelegate.swift in Sources */,
				E329115A252D980000B04B91 /* Car.swift in Sources */,
				E3CE9E5D252FD85000B4B3A4 /* PushedViewController.swift in Sources */,
				E3291142252D8F5700B04B91 /* SceneDelegate.swift in Sources */,
				E3291158252D971400B04B91 /* CarCollectionViewCell.swift in Sources */,
			);
			runOnlyForDeploymentPostprocessing = 0;
		};
/* End PBXSourcesBuildPhase section */

/* Begin PBXVariantGroup section */
		E3291145252D8F5700B04B91 /* Main.storyboard */ = {
			isa = PBXVariantGroup;
			children = (
				E3291146252D8F5700B04B91 /* Base */,
			);
			name = Main.storyboard;
			sourceTree = "<group>";
		};
		E329114A252D8F5E00B04B91 /* LaunchScreen.storyboard */ = {
			isa = PBXVariantGroup;
			children = (
				E329114B252D8F5E00B04B91 /* Base */,
			);
			name = LaunchScreen.storyboard;
			sourceTree = "<group>";
		};
/* End PBXVariantGroup section */

/* Begin XCBuildConfiguration section */
		E329114E252D8F5E00B04B91 /* Debug */ = {
			isa = XCBuildConfiguration;
			buildSettings = {
				ALWAYS_SEARCH_USER_PATHS = NO;
				CLANG_ANALYZER_NONNULL = YES;
				CLANG_ANALYZER_NUMBER_OBJECT_CONVERSION = YES_AGGRESSIVE;
				CLANG_CXX_LANGUAGE_STANDARD = "gnu++14";
				CLANG_CXX_LIBRARY = "libc++";
				CLANG_ENABLE_MODULES = YES;
				CLANG_ENABLE_OBJC_ARC = YES;
				CLANG_ENABLE_OBJC_WEAK = YES;
				CLANG_WARN_BLOCK_CAPTURE_AUTORELEASING = YES;
				CLANG_WARN_BOOL_CONVERSION = YES;
				CLANG_WARN_COMMA = YES;
				CLANG_WARN_CONSTANT_CONVERSION = YES;
				CLANG_WARN_DEPRECATED_OBJC_IMPLEMENTATIONS = YES;
				CLANG_WARN_DIRECT_OBJC_ISA_USAGE = YES_ERROR;
				CLANG_WARN_DOCUMENTATION_COMMENTS = YES;
				CLANG_WARN_EMPTY_BODY = YES;
				CLANG_WARN_ENUM_CONVERSION = YES;
				CLANG_WARN_INFINITE_RECURSION = YES;
				CLANG_WARN_INT_CONVERSION = YES;
				CLANG_WARN_NON_LITERAL_NULL_CONVERSION = YES;
				CLANG_WARN_OBJC_IMPLICIT_RETAIN_SELF = YES;
				CLANG_WARN_OBJC_LITERAL_CONVERSION = YES;
				CLANG_WARN_OBJC_ROOT_CLASS = YES_ERROR;
				CLANG_WARN_RANGE_LOOP_ANALYSIS = YES;
				CLANG_WARN_STRICT_PROTOTYPES = YES;
				CLANG_WARN_SUSPICIOUS_MOVE = YES;
				CLANG_WARN_UNGUARDED_AVAILABILITY = YES_AGGRESSIVE;
				CLANG_WARN_UNREACHABLE_CODE = YES;
				CLANG_WARN__DUPLICATE_METHOD_MATCH = YES;
				COPY_PHASE_STRIP = NO;
				DEBUG_INFORMATION_FORMAT = dwarf;
				ENABLE_STRICT_OBJC_MSGSEND = YES;
				ENABLE_TESTABILITY = YES;
				GCC_C_LANGUAGE_STANDARD = gnu11;
				GCC_DYNAMIC_NO_PIC = NO;
				GCC_NO_COMMON_BLOCKS = YES;
				GCC_OPTIMIZATION_LEVEL = 0;
				GCC_PREPROCESSOR_DEFINITIONS = (
					"DEBUG=1",
					"$(inherited)",
				);
				GCC_WARN_64_TO_32_BIT_CONVERSION = YES;
				GCC_WARN_ABOUT_RETURN_TYPE = YES_ERROR;
				GCC_WARN_UNDECLARED_SELECTOR = YES;
				GCC_WARN_UNINITIALIZED_AUTOS = YES_AGGRESSIVE;
				GCC_WARN_UNUSED_FUNCTION = YES;
				GCC_WARN_UNUSED_VARIABLE = YES;
				IPHONEOS_DEPLOYMENT_TARGET = 13.5;
				MTL_ENABLE_DEBUG_INFO = INCLUDE_SOURCE;
				MTL_FAST_MATH = YES;
				ONLY_ACTIVE_ARCH = YES;
				SDKROOT = iphoneos;
				SWIFT_ACTIVE_COMPILATION_CONDITIONS = DEBUG;
				SWIFT_OPTIMIZATION_LEVEL = "-Onone";
			};
			name = Debug;
		};
		E329114F252D8F5E00B04B91 /* Release */ = {
			isa = XCBuildConfiguration;
			buildSettings = {
				ALWAYS_SEARCH_USER_PATHS = NO;
				CLANG_ANALYZER_NONNULL = YES;
				CLANG_ANALYZER_NUMBER_OBJECT_CONVERSION = YES_AGGRESSIVE;
				CLANG_CXX_LANGUAGE_STANDARD = "gnu++14";
				CLANG_CXX_LIBRARY = "libc++";
				CLANG_ENABLE_MODULES = YES;
				CLANG_ENABLE_OBJC_ARC = YES;
				CLANG_ENABLE_OBJC_WEAK = YES;
				CLANG_WARN_BLOCK_CAPTURE_AUTORELEASING = YES;
				CLANG_WARN_BOOL_CONVERSION = YES;
				CLANG_WARN_COMMA = YES;
				CLANG_WARN_CONSTANT_CONVERSION = YES;
				CLANG_WARN_DEPRECATED_OBJC_IMPLEMENTATIONS = YES;
				CLANG_WARN_DIRECT_OBJC_ISA_USAGE = YES_ERROR;
				CLANG_WARN_DOCUMENTATION_COMMENTS = YES;
				CLANG_WARN_EMPTY_BODY = YES;
				CLANG_WARN_ENUM_CONVERSION = YES;
				CLANG_WARN_INFINITE_RECURSION = YES;
				CLANG_WARN_INT_CONVERSION = YES;
				CLANG_WARN_NON_LITERAL_NULL_CONVERSION = YES;
				CLANG_WARN_OBJC_IMPLICIT_RETAIN_SELF = YES;
				CLANG_WARN_OBJC_LITERAL_CONVERSION = YES;
				CLANG_WARN_OBJC_ROOT_CLASS = YES_ERROR;
				CLANG_WARN_RANGE_LOOP_ANALYSIS = YES;
				CLANG_WARN_STRICT_PROTOTYPES = YES;
				CLANG_WARN_SUSPICIOUS_MOVE = YES;
				CLANG_WARN_UNGUARDED_AVAILABILITY = YES_AGGRESSIVE;
				CLANG_WARN_UNREACHABLE_CODE = YES;
				CLANG_WARN__DUPLICATE_METHOD_MATCH = YES;
				COPY_PHASE_STRIP = NO;
				DEBUG_INFORMATION_FORMAT = "dwarf-with-dsym";
				ENABLE_NS_ASSERTIONS = NO;
				ENABLE_STRICT_OBJC_MSGSEND = YES;
				GCC_C_LANGUAGE_STANDARD = gnu11;
				GCC_NO_COMMON_BLOCKS = YES;
				GCC_WARN_64_TO_32_BIT_CONVERSION = YES;
				GCC_WARN_ABOUT_RETURN_TYPE = YES_ERROR;
				GCC_WARN_UNDECLARED_SELECTOR = YES;
				GCC_WARN_UNINITIALIZED_AUTOS = YES_AGGRESSIVE;
				GCC_WARN_UNUSED_FUNCTION = YES;
				GCC_WARN_UNUSED_VARIABLE = YES;
				IPHONEOS_DEPLOYMENT_TARGET = 13.5;
				MTL_ENABLE_DEBUG_INFO = NO;
				MTL_FAST_MATH = YES;
				SDKROOT = iphoneos;
				SWIFT_COMPILATION_MODE = wholemodule;
				SWIFT_OPTIMIZATION_LEVEL = "-O";
				VALIDATE_PRODUCT = YES;
			};
			name = Release;
		};
		E3291151252D8F5E00B04B91 /* Debug */ = {
			isa = XCBuildConfiguration;
			buildSettings = {
				ASSETCATALOG_COMPILER_APPICON_NAME = AppIcon;
				CODE_SIGN_STYLE = Automatic;
				DEVELOPMENT_TEAM = M3HMGBN2P2;
				INFOPLIST_FILE = Exercicio03/Info.plist;
				LD_RUNPATH_SEARCH_PATHS = (
					"$(inherited)",
					"@executable_path/Frameworks",
				);
				PRODUCT_BUNDLE_IDENTIFIER = com.gavilon.igor.Exercicio03;
				PRODUCT_NAME = "$(TARGET_NAME)";
				SWIFT_VERSION = 5.0;
				TARGETED_DEVICE_FAMILY = "1,2";
			};
			name = Debug;
		};
		E3291152252D8F5E00B04B91 /* Release */ = {
			isa = XCBuildConfiguration;
			buildSettings = {
				ASSETCATALOG_COMPILER_APPICON_NAME = AppIcon;
				CODE_SIGN_STYLE = Automatic;
				DEVELOPMENT_TEAM = M3HMGBN2P2;
				INFOPLIST_FILE = Exercicio03/Info.plist;
				LD_RUNPATH_SEARCH_PATHS = (
					"$(inherited)",
					"@executable_path/Frameworks",
				);
				PRODUCT_BUNDLE_IDENTIFIER = com.gavilon.igor.Exercicio03;
				PRODUCT_NAME = "$(TARGET_NAME)";
				SWIFT_VERSION = 5.0;
				TARGETED_DEVICE_FAMILY = "1,2";
			};
			name = Release;
		};
/* End XCBuildConfiguration section */

/* Begin XCConfigurationList section */
		E3291137252D8F5700B04B91 /* Build configuration list for PBXProject "Exercicio03" */ = {
			isa = XCConfigurationList;
			buildConfigurations = (
				E329114E252D8F5E00B04B91 /* Debug */,
				E329114F252D8F5E00B04B91 /* Release */,
			);
			defaultConfigurationIsVisible = 0;
			defaultConfigurationName = Release;
		};
		E3291150252D8F5E00B04B91 /* Build configuration list for PBXNativeTarget "Exercicio03" */ = {
			isa = XCConfigurationList;
			buildConfigurations = (
				E3291151252D8F5E00B04B91 /* Debug */,
				E3291152252D8F5E00B04B91 /* Release */,
			);
			defaultConfigurationIsVisible = 0;
			defaultConfigurationName = Release;
		};
/* End XCConfigurationList section */
	};
	rootObject = E3291134252D8F5700B04B91 /* Project object */;
}
