// !$*UTF8*$!
{
	archiveVersion = 1;
	classes = {
	};
	objectVersion = 50;
	objects = {

/* Begin PBXBuildFile section */
		E332A31825124C0F00434A0C /* AppDelegate.swift in Sources */ = {isa = PBXBuildFile; fileRef = E332A31725124C0F00434A0C /* AppDelegate.swift */; };
		E332A31A25124C0F00434A0C /* SceneDelegate.swift in Sources */ = {isa = PBXBuildFile; fileRef = E332A31925124C0F00434A0C /* SceneDelegate.swift */; };
		E332A31C25124C0F00434A0C /* ViewController.swift in Sources */ = {isa = PBXBuildFile; fileRef = E332A31B25124C0F00434A0C /* ViewController.swift */; };
		E332A31F25124C0F00434A0C /* Main.storyboard in Resources */ = {isa = PBXBuildFile; fileRef = E332A31D25124C0F00434A0C /* Main.storyboard */; };
		E332A32125124C1800434A0C /* Assets.xcassets in Resources */ = {isa = PBXBuildFile; fileRef = E332A32025124C1800434A0C /* Assets.xcassets */; };
		E332A32425124C1800434A0C /* LaunchScreen.storyboard in Resources */ = {isa = PBXBuildFile; fileRef = E332A32225124C1800434A0C /* LaunchScreen.storyboard */; };
		E332A32C25124CAD00434A0C /* Item.swift in Sources */ = {isa = PBXBuildFile; fileRef = E332A32B25124CAD00434A0C /* Item.swift */; };
/* End PBXBuildFile section */

/* Begin PBXFileReference section */
		E332A31425124C0F00434A0C /* ListaCompras.app */ = {isa = PBXFileReference; explicitFileType = wrapper.application; includeInIndex = 0; path = ListaCompras.app; sourceTree = BUILT_PRODUCTS_DIR; };
		E332A31725124C0F00434A0C /* AppDelegate.swift */ = {isa = PBXFileReference; lastKnownFileType = sourcecode.swift; path = AppDelegate.swift; sourceTree = "<group>"; };
		E332A31925124C0F00434A0C /* SceneDelegate.swift */ = {isa = PBXFileReference; lastKnownFileType = sourcecode.swift; path = SceneDelegate.swift; sourceTree = "<group>"; };
		E332A31B25124C0F00434A0C /* ViewController.swift */ = {isa = PBXFileReference; lastKnownFileType = sourcecode.swift; path = ViewController.swift; sourceTree = "<group>"; };
		E332A31E25124C0F00434A0C /* Base */ = {isa = PBXFileReference; lastKnownFileType = file.storyboard; name = Base; path = Base.lproj/Main.storyboard; sourceTree = "<group>"; };
		E332A32025124C1800434A0C /* Assets.xcassets */ = {isa = PBXFileReference; lastKnownFileType = folder.assetcatalog; path = Assets.xcassets; sourceTree = "<group>"; };
		E332A32325124C1800434A0C /* Base */ = {isa = PBXFileReference; lastKnownFileType = file.storyboard; name = Base; path = Base.lproj/LaunchScreen.storyboard; sourceTree = "<group>"; };
		E332A32525124C1800434A0C /* Info.plist */ = {isa = PBXFileReference; lastKnownFileType = text.plist.xml; path = Info.plist; sourceTree = "<group>"; };
		E332A32B25124CAD00434A0C /* Item.swift */ = {isa = PBXFileReference; lastKnownFileType = sourcecode.swift; path = Item.swift; sourceTree = "<group>"; };
/* End PBXFileReference section */

/* Begin PBXFrameworksBuildPhase section */
		E332A31125124C0F00434A0C /* Frameworks */ = {
			isa = PBXFrameworksBuildPhase;
			buildActionMask = 2147483647;
			files = (
			);
			runOnlyForDeploymentPostprocessing = 0;
		};
/* End PBXFrameworksBuildPhase section */

/* Begin PBXGroup section */
		E332A30B25124C0F00434A0C = {
			isa = PBXGroup;
			children = (
				E332A31625124C0F00434A0C /* ListaCompras */,
				E332A31525124C0F00434A0C /* Products */,
			);
			sourceTree = "<group>";
		};
		E332A31525124C0F00434A0C /* Products */ = {
			isa = PBXGroup;
			children = (
				E332A31425124C0F00434A0C /* ListaCompras.app */,
			);
			name = Products;
			sourceTree = "<group>";
		};
		E332A31625124C0F00434A0C /* ListaCompras */ = {
			isa = PBXGroup;
			children = (
				E332A31725124C0F00434A0C /* AppDelegate.swift */,
				E332A31925124C0F00434A0C /* SceneDelegate.swift */,
				E332A31B25124C0F00434A0C /* ViewController.swift */,
				E332A31D25124C0F00434A0C /* Main.storyboard */,
				E332A32025124C1800434A0C /* Assets.xcassets */,
				E332A32225124C1800434A0C /* LaunchScreen.storyboard */,
				E332A32525124C1800434A0C /* Info.plist */,
				E332A32B25124CAD00434A0C /* Item.swift */,
			);
			path = ListaCompras;
			sourceTree = "<group>";
		};
/* End PBXGroup section */

/* Begin PBXNativeTarget section */
		E332A31325124C0F00434A0C /* ListaCompras */ = {
			isa = PBXNativeTarget;
			buildConfigurationList = E332A32825124C1800434A0C /* Build configuration list for PBXNativeTarget "ListaCompras" */;
			buildPhases = (
				E332A31025124C0F00434A0C /* Sources */,
				E332A31125124C0F00434A0C /* Frameworks */,
				E332A31225124C0F00434A0C /* Resources */,
			);
			buildRules = (
			);
			dependencies = (
			);
			name = ListaCompras;
			productName = ListaCompras;
			productReference = E332A31425124C0F00434A0C /* ListaCompras.app */;
			productType = "com.apple.product-type.application";
		};
/* End PBXNativeTarget section */

/* Begin PBXProject section */
		E332A30C25124C0F00434A0C /* Project object */ = {
			isa = PBXProject;
			attributes = {
				LastSwiftUpdateCheck = 1150;
				LastUpgradeCheck = 1150;
				ORGANIZATIONNAME = igorGavilon;
				TargetAttributes = {
					E332A31325124C0F00434A0C = {
						CreatedOnToolsVersion = 11.5;
					};
				};
			};
			buildConfigurationList = E332A30F25124C0F00434A0C /* Build configuration list for PBXProject "ListaCompras" */;
			compatibilityVersion = "Xcode 9.3";
			developmentRegion = en;
			hasScannedForEncodings = 0;
			knownRegions = (
				en,
				Base,
			);
			mainGroup = E332A30B25124C0F00434A0C;
			productRefGroup = E332A31525124C0F00434A0C /* Products */;
			projectDirPath = "";
			projectRoot = "";
			targets = (
				E332A31325124C0F00434A0C /* ListaCompras */,
			);
		};
/* End PBXProject section */

/* Begin PBXResourcesBuildPhase section */
		E332A31225124C0F00434A0C /* Resources */ = {
			isa = PBXResourcesBuildPhase;
			buildActionMask = 2147483647;
			files = (
				E332A32425124C1800434A0C /* LaunchScreen.storyboard in Resources */,
				E332A32125124C1800434A0C /* Assets.xcassets in Resources */,
				E332A31F25124C0F00434A0C /* Main.storyboard in Resources */,
			);
			runOnlyForDeploymentPostprocessing = 0;
		};
/* End PBXResourcesBuildPhase section */

/* Begin PBXSourcesBuildPhase section */
		E332A31025124C0F00434A0C /* Sources */ = {
			isa = PBXSourcesBuildPhase;
			buildActionMask = 2147483647;
			files = (
				E332A32C25124CAD00434A0C /* Item.swift in Sources */,
				E332A31C25124C0F00434A0C /* ViewController.swift in Sources */,
				E332A31825124C0F00434A0C /* AppDelegate.swift in Sources */,
				E332A31A25124C0F00434A0C /* SceneDelegate.swift in Sources */,
			);
			runOnlyForDeploymentPostprocessing = 0;
		};
/* End PBXSourcesBuildPhase section */

/* Begin PBXVariantGroup section */
		E332A31D25124C0F00434A0C /* Main.storyboard */ = {
			isa = PBXVariantGroup;
			children = (
				E332A31E25124C0F00434A0C /* Base */,
			);
			name = Main.storyboard;
			sourceTree = "<group>";
		};
		E332A32225124C1800434A0C /* LaunchScreen.storyboard */ = {
			isa = PBXVariantGroup;
			children = (
				E332A32325124C1800434A0C /* Base */,
			);
			name = LaunchScreen.storyboard;
			sourceTree = "<group>";
		};
/* End PBXVariantGroup section */

/* Begin XCBuildConfiguration section */
		E332A32625124C1800434A0C /* Debug */ = {
			isa = XCBuildConfiguration;
			buildSettings = {
				ALWAYS_SEARCH_USER_PATHS = NO;
				CLANG_ANALYZER_NONNULL = YES;
				CLANG_ANALYZER_NUMBER_OBJECT_CONVERSION = YES_AGGRESSIVE;
				CLANG_CXX_LANGUAGE_STANDARD = "gnu++14";
				CLANG_CXX_LIBRARY = "libc++";
				CLANG_ENABLE_MODULES = YES;
				CLANG_ENABLE_OBJC_ARC = YES;
				CLANG_ENABLE_OBJC_WEAK = YES;
				CLANG_WARN_BLOCK_CAPTURE_AUTORELEASING = YES;
				CLANG_WARN_BOOL_CONVERSION = YES;
				CLANG_WARN_COMMA = YES;
				CLANG_WARN_CONSTANT_CONVERSION = YES;
				CLANG_WARN_DEPRECATED_OBJC_IMPLEMENTATIONS = YES;
				CLANG_WARN_DIRECT_OBJC_ISA_USAGE = YES_ERROR;
				CLANG_WARN_DOCUMENTATION_COMMENTS = YES;
				CLANG_WARN_EMPTY_BODY = YES;
				CLANG_WARN_ENUM_CONVERSION = YES;
				CLANG_WARN_INFINITE_RECURSION = YES;
				CLANG_WARN_INT_CONVERSION = YES;
				CLANG_WARN_NON_LITERAL_NULL_CONVERSION = YES;
				CLANG_WARN_OBJC_IMPLICIT_RETAIN_SELF = YES;
				CLANG_WARN_OBJC_LITERAL_CONVERSION = YES;
				CLANG_WARN_OBJC_ROOT_CLASS = YES_ERROR;
				CLANG_WARN_RANGE_LOOP_ANALYSIS = YES;
				CLANG_WARN_STRICT_PROTOTYPES = YES;
				CLANG_WARN_SUSPICIOUS_MOVE = YES;
				CLANG_WARN_UNGUARDED_AVAILABILITY = YES_AGGRESSIVE;
				CLANG_WARN_UNREACHABLE_CODE = YES;
				CLANG_WARN__DUPLICATE_METHOD_MATCH = YES;
				COPY_PHASE_STRIP = NO;
				DEBUG_INFORMATION_FORMAT = dwarf;
				ENABLE_STRICT_OBJC_MSGSEND = YES;
				ENABLE_TESTABILITY = YES;
				GCC_C_LANGUAGE_STANDARD = gnu11;
				GCC_DYNAMIC_NO_PIC = NO;
				GCC_NO_COMMON_BLOCKS = YES;
				GCC_OPTIMIZATION_LEVEL = 0;
				GCC_PREPROCESSOR_DEFINITIONS = (
					"DEBUG=1",
					"$(inherited)",
				);
				GCC_WARN_64_TO_32_BIT_CONVERSION = YES;
				GCC_WARN_ABOUT_RETURN_TYPE = YES_ERROR;
				GCC_WARN_UNDECLARED_SELECTOR = YES;
				GCC_WARN_UNINITIALIZED_AUTOS = YES_AGGRESSIVE;
				GCC_WARN_UNUSED_FUNCTION = YES;
				GCC_WARN_UNUSED_VARIABLE = YES;
				IPHONEOS_DEPLOYMENT_TARGET = 13.5;
				MTL_ENABLE_DEBUG_INFO = INCLUDE_SOURCE;
				MTL_FAST_MATH = YES;
				ONLY_ACTIVE_ARCH = YES;
				SDKROOT = iphoneos;
				SWIFT_ACTIVE_COMPILATION_CONDITIONS = DEBUG;
				SWIFT_OPTIMIZATION_LEVEL = "-Onone";
			};
			name = Debug;
		};
		E332A32725124C1800434A0C /* Release */ = {
			isa = XCBuildConfiguration;
			buildSettings = {
				ALWAYS_SEARCH_USER_PATHS = NO;
				CLANG_ANALYZER_NONNULL = YES;
				CLANG_ANALYZER_NUMBER_OBJECT_CONVERSION = YES_AGGRESSIVE;
				CLANG_CXX_LANGUAGE_STANDARD = "gnu++14";
				CLANG_CXX_LIBRARY = "libc++";
				CLANG_ENABLE_MODULES = YES;
				CLANG_ENABLE_OBJC_ARC = YES;
				CLANG_ENABLE_OBJC_WEAK = YES;
				CLANG_WARN_BLOCK_CAPTURE_AUTORELEASING = YES;
				CLANG_WARN_BOOL_CONVERSION = YES;
				CLANG_WARN_COMMA = YES;
				CLANG_WARN_CONSTANT_CONVERSION = YES;
				CLANG_WARN_DEPRECATED_OBJC_IMPLEMENTATIONS = YES;
				CLANG_WARN_DIRECT_OBJC_ISA_USAGE = YES_ERROR;
				CLANG_WARN_DOCUMENTATION_COMMENTS = YES;
				CLANG_WARN_EMPTY_BODY = YES;
				CLANG_WARN_ENUM_CONVERSION = YES;
				CLANG_WARN_INFINITE_RECURSION = YES;
				CLANG_WARN_INT_CONVERSION = YES;
				CLANG_WARN_NON_LITERAL_NULL_CONVERSION = YES;
				CLANG_WARN_OBJC_IMPLICIT_RETAIN_SELF = YES;
				CLANG_WARN_OBJC_LITERAL_CONVERSION = YES;
				CLANG_WARN_OBJC_ROOT_CLASS = YES_ERROR;
				CLANG_WARN_RANGE_LOOP_ANALYSIS = YES;
				CLANG_WARN_STRICT_PROTOTYPES = YES;
				CLANG_WARN_SUSPICIOUS_MOVE = YES;
				CLANG_WARN_UNGUARDED_AVAILABILITY = YES_AGGRESSIVE;
				CLANG_WARN_UNREACHABLE_CODE = YES;
				CLANG_WARN__DUPLICATE_METHOD_MATCH = YES;
				COPY_PHASE_STRIP = NO;
				DEBUG_INFORMATION_FORMAT = "dwarf-with-dsym";
				ENABLE_NS_ASSERTIONS = NO;
				ENABLE_STRICT_OBJC_MSGSEND = YES;
				GCC_C_LANGUAGE_STANDARD = gnu11;
				GCC_NO_COMMON_BLOCKS = YES;
				GCC_WARN_64_TO_32_BIT_CONVERSION = YES;
				GCC_WARN_ABOUT_RETURN_TYPE = YES_ERROR;
				GCC_WARN_UNDECLARED_SELECTOR = YES;
				GCC_WARN_UNINITIALIZED_AUTOS = YES_AGGRESSIVE;
				GCC_WARN_UNUSED_FUNCTION = YES;
				GCC_WARN_UNUSED_VARIABLE = YES;
				IPHONEOS_DEPLOYMENT_TARGET = 13.5;
				MTL_ENABLE_DEBUG_INFO = NO;
				MTL_FAST_MATH = YES;
				SDKROOT = iphoneos;
				SWIFT_COMPILATION_MODE = wholemodule;
				SWIFT_OPTIMIZATION_LEVEL = "-O";
				VALIDATE_PRODUCT = YES;
			};
			name = Release;
		};
		E332A32925124C1800434A0C /* Debug */ = {
			isa = XCBuildConfiguration;
			buildSettings = {
				ASSETCATALOG_COMPILER_APPICON_NAME = AppIcon;
				CODE_SIGN_STYLE = Automatic;
				DEVELOPMENT_TEAM = M3HMGBN2P2;
				INFOPLIST_FILE = ListaCompras/Info.plist;
				LD_RUNPATH_SEARCH_PATHS = (
					"$(inherited)",
					"@executable_path/Frameworks",
				);
				PRODUCT_BUNDLE_IDENTIFIER = com.gavilon.igor.ListaCompras;
				PRODUCT_NAME = "$(TARGET_NAME)";
				SWIFT_VERSION = 5.0;
				TARGETED_DEVICE_FAMILY = "1,2";
			};
			name = Debug;
		};
		E332A32A25124C1800434A0C /* Release */ = {
			isa = XCBuildConfiguration;
			buildSettings = {
				ASSETCATALOG_COMPILER_APPICON_NAME = AppIcon;
				CODE_SIGN_STYLE = Automatic;
				DEVELOPMENT_TEAM = M3HMGBN2P2;
				INFOPLIST_FILE = ListaCompras/Info.plist;
				LD_RUNPATH_SEARCH_PATHS = (
					"$(inherited)",
					"@executable_path/Frameworks",
				);
				PRODUCT_BUNDLE_IDENTIFIER = com.gavilon.igor.ListaCompras;
				PRODUCT_NAME = "$(TARGET_NAME)";
				SWIFT_VERSION = 5.0;
				TARGETED_DEVICE_FAMILY = "1,2";
			};
			name = Release;
		};
/* End XCBuildConfiguration section */

/* Begin XCConfigurationList section */
		E332A30F25124C0F00434A0C /* Build configuration list for PBXProject "ListaCompras" */ = {
			isa = XCConfigurationList;
			buildConfigurations = (
				E332A32625124C1800434A0C /* Debug */,
				E332A32725124C1800434A0C /* Release */,
			);
			defaultConfigurationIsVisible = 0;
			defaultConfigurationName = Release;
		};
		E332A32825124C1800434A0C /* Build configuration list for PBXNativeTarget "ListaCompras" */ = {
			isa = XCConfigurationList;
			buildConfigurations = (
				E332A32925124C1800434A0C /* Debug */,
				E332A32A25124C1800434A0C /* Release */,
			);
			defaultConfigurationIsVisible = 0;
			defaultConfigurationName = Release;
		};
/* End XCConfigurationList section */
	};
	rootObject = E332A30C25124C0F00434A0C /* Project object */;
}
